{
  "version": "3",
  "packages": {
    "specifiers": {
      "jsr:@std/assert@^0.217.0": "jsr:@std/assert@0.217.0",
      "jsr:@std/fmt@^0.217.0": "jsr:@std/fmt@0.217.0",
      "jsr:@std/testing": "jsr:@std/testing@0.217.0",
      "jsr:@std/testing@0.217.0": "jsr:@std/testing@0.217.0",
      "npm:yaml@2.3.1": "npm:yaml@2.3.1",
      "npm:zod@3.22.1": "npm:zod@3.22.1"
    },
    "jsr": {
      "@std/assert@0.217.0": {
        "integrity": "c98e279362ca6982d5285c3b89517b757c1e3477ee9f14eb2fdf80a45aaa9642",
        "dependencies": [
          "jsr:@std/fmt@^0.217.0"
        ]
      },
      "@std/fmt@0.217.0": {
        "integrity": "cb99f82500b8da20202fedfa8bb94dd0222e81f0494ed9087de20ee3d8a39a8d"
      },
      "@std/testing@0.217.0": {
        "integrity": "97508b254ca1888d512215288bfb3f192a4e6e84336ba56b189c7862258a058b",
        "dependencies": [
          "jsr:@std/assert@^0.217.0"
        ]
      }
    },
    "npm": {
      "yaml@2.3.1": {
        "integrity": "sha512-2eHWfjaoXgTBC2jNM1LRef62VQa0umtvRiDSk6HSzW7RvS5YtkabJrwYLLEKWBc8a5U2PTSCs+dJjUTJdlHsWQ==",
        "dependencies": {}
      },
      "zod@3.22.1": {
        "integrity": "sha512-+qUhAMl414+Elh+fRNtpU+byrwjDFOS1N7NioLY+tSlcADTx4TkCUua/hxJvxwDXcV4397/nZ420jy4n4+3WUg==",
        "dependencies": {}
      }
    }
  },
  "remote": {}
}
